
Microsoft Visual Studio Solution File, Format Version 12.00
# Visual Studio Version 17
VisualStudioVersion = 17.8.34525.116
MinimumVisualStudioVersion = 10.0.40219.1
Project("{FAE04EC0-301F-11D3-BF4B-00C04F79EFBC}") = "quiz_ppfcha", "quiz_ppfcha\quiz_ppfcha.csproj", "{8CDBFE1A-0856-4B0F-A45E-2FF80772DA57}"
EndProject
Global
	GlobalSection(SolutionConfigurationPlatforms) = preSolution
		Debug|Any CPU = Debug|Any CPU
		Release|Any CPU = Release|Any CPU
	EndGlobalSection
	GlobalSection(ProjectConfigurationPlatforms) = postSolution
		{8CDBFE1A-0856-4B0F-A45E-2FF80772DA57}.Debug|Any CPU.ActiveCfg = Debug|Any CPU
		{8CDBFE1A-0856-4B0F-A45E-2FF80772DA57}.Debug|Any CPU.Build.0 = Debug|Any CPU
		{8CDBFE1A-0856-4B0F-A45E-2FF80772DA57}.Release|Any CPU.ActiveCfg = Release|Any CPU
		{8CDBFE1A-0856-4B0F-A45E-2FF80772DA57}.Release|Any CPU.Build.0 = Release|Any CPU
	EndGlobalSection
	GlobalSection(SolutionProperties) = preSolution
		HideSolutionNode = FALSE
	EndGlobalSection
	GlobalSection(ExtensibilityGlobals) = postSolution
		SolutionGuid = {C33F6A07-63EA-4D12-B044-AA225B80C5EB}
	EndGlobalSection
EndGlobal
